{
  "name": "tarbis",
  "lockfileVersion": 3,
  "requires": true,
  "packages": {
    "": {
      "dependencies": {
        "tabris": "~3.9.0"
      },
      "devDependencies": {
        "typescript": "~4.8.4"
      }
    },
    "node_modules/tabris": {
      "version": "3.9.0",
      "resolved": "https://registry.npmjs.org/tabris/-/tabris-3.9.0.tgz",
      "integrity": "sha512-JelP/nWZjppi6jRNK6inrlzKen139SVvMWHTtcOjLnYOQTyDncypmX0SbSMWS56QBUC/L4frmtd2Q5jj1Nkmmg=="
    },
    "node_modules/typescript": {
      "version": "4.8.4",
      "resolved": "https://registry.npmjs.org/typescript/-/typescript-4.8.4.tgz",
      "integrity": "sha512-QCh+85mCy+h0IGff8r5XWzOVSbBO+KfeYrMQh7NJ58QujwcE22u+NUSmUxqF+un70P9GXKxa2HCNiTTMJknyjQ==",
      "dev": true,
      "bin": {
        "tsc": "bin/tsc",
        "tsserver": "bin/tsserver"
      },
      "engines": {
        "node": ">=4.2.0"
      }
    }
  }
}
